// !$*UTF8*$!
{
	archiveVersion = 1;
	classes = {
	};
	objectVersion = 46;
	objects = {

/* Begin PBXBuildFile section */
		6BB09D821EC8CD21008DC12B /* AppDelegate.swift in Sources */ = {isa = PBXBuildFile; fileRef = 6BB09D811EC8CD21008DC12B /* AppDelegate.swift */; };
		6BB09D841EC8CD21008DC12B /* ViewController.swift in Sources */ = {isa = PBXBuildFile; fileRef = 6BB09D831EC8CD21008DC12B /* ViewController.swift */; };
		6BB09D871EC8CD21008DC12B /* Main.storyboard in Resources */ = {isa = PBXBuildFile; fileRef = 6BB09D851EC8CD21008DC12B /* Main.storyboard */; };
		6BB09D891EC8CD21008DC12B /* Assets.xcassets in Resources */ = {isa = PBXBuildFile; fileRef = 6BB09D881EC8CD21008DC12B /* Assets.xcassets */; };
		6BB09D8C1EC8CD21008DC12B /* LaunchScreen.storyboard in Resources */ = {isa = PBXBuildFile; fileRef = 6BB09D8A1EC8CD21008DC12B /* LaunchScreen.storyboard */; };
/* End PBXBuildFile section */

/* Begin PBXFileReference section */
		6BB09D7E1EC8CD20008DC12B /* LibApp.app */ = {isa = PBXFileReference; explicitFileType = wrapper.application; includeInIndex = 0; path = LibApp.app; sourceTree = BUILT_PRODUCTS_DIR; };
		6BB09D811EC8CD21008DC12B /* AppDelegate.swift */ = {isa = PBXFileReference; lastKnownFileType = sourcecode.swift; path = AppDelegate.swift; sourceTree = "<group>"; };
		6BB09D831EC8CD21008DC12B /* ViewController.swift */ = {isa = PBXFileReference; lastKnownFileType = sourcecode.swift; path = ViewController.swift; sourceTree = "<group>"; };
		6BB09D861EC8CD21008DC12B /* Base */ = {isa = PBXFileReference; lastKnownFileType = file.storyboard; name = Base; path = Base.lproj/Main.storyboard; sourceTree = "<group>"; };
		6BB09D881EC8CD21008DC12B /* Assets.xcassets */ = {isa = PBXFileReference; lastKnownFileType = folder.assetcatalog; path = Assets.xcassets; sourceTree = "<group>"; };
		6BB09D8B1EC8CD21008DC12B /* Base */ = {isa = PBXFileReference; lastKnownFileType = file.storyboard; name = Base; path = Base.lproj/LaunchScreen.storyboard; sourceTree = "<group>"; };
		6BB09D8D1EC8CD21008DC12B /* Info.plist */ = {isa = PBXFileReference; lastKnownFileType = text.plist.xml; path = Info.plist; sourceTree = "<group>"; };
/* End PBXFileReference section */

/* Begin PBXFrameworksBuildPhase section */
		6BB09D7B1EC8CD20008DC12B /* Frameworks */ = {
			isa = PBXFrameworksBuildPhase;
			buildActionMask = 2147483647;
			files = (
			);
			runOnlyForDeploymentPostprocessing = 0;
		};
/* End PBXFrameworksBuildPhase section */

/* Begin PBXGroup section */
		6BB09D751EC8CD1F008DC12B = {
			isa = PBXGroup;
			children = (
				6BB09D801EC8CD21008DC12B /* LibApp */,
				6BB09D7F1EC8CD20008DC12B /* Products */,
			);
			sourceTree = "<group>";
		};
		6BB09D7F1EC8CD20008DC12B /* Products */ = {
			isa = PBXGroup;
			children = (
				6BB09D7E1EC8CD20008DC12B /* LibApp.app */,
			);
			name = Products;
			sourceTree = "<group>";
		};
		6BB09D801EC8CD21008DC12B /* LibApp */ = {
			isa = PBXGroup;
			children = (
				6BB09D811EC8CD21008DC12B /* AppDelegate.swift */,
				6BB09D831EC8CD21008DC12B /* ViewController.swift */,
				6BB09D851EC8CD21008DC12B /* Main.storyboard */,
				6BB09D881EC8CD21008DC12B /* Assets.xcassets */,
				6BB09D8A1EC8CD21008DC12B /* LaunchScreen.storyboard */,
				6BB09D8D1EC8CD21008DC12B /* Info.plist */,
			);
			path = LibApp;
			sourceTree = "<group>";
		};
/* End PBXGroup section */

/* Begin PBXNativeTarget section */
		6BB09D7D1EC8CD20008DC12B /* LibApp */ = {
			isa = PBXNativeTarget;
			buildConfigurationList = 6BB09D901EC8CD21008DC12B /* Build configuration list for PBXNativeTarget "LibApp" */;
			buildPhases = (
				6BB09D7A1EC8CD20008DC12B /* Sources */,
				6BB09D7B1EC8CD20008DC12B /* Frameworks */,
				6BB09D7C1EC8CD20008DC12B /* Resources */,
			);
			buildRules = (
			);
			dependencies = (
			);
			name = LibApp;
			productName = LibApp;
			productReference = 6BB09D7E1EC8CD20008DC12B /* LibApp.app */;
			productType = "com.apple.product-type.application";
		};
/* End PBXNativeTarget section */

/* Begin PBXProject section */
		6BB09D761EC8CD1F008DC12B /* Project object */ = {
			isa = PBXProject;
			attributes = {
				LastSwiftUpdateCheck = 0800;
				LastUpgradeCheck = 0800;
				ORGANIZATIONNAME = Krishna;
				TargetAttributes = {
					6BB09D7D1EC8CD20008DC12B = {
						CreatedOnToolsVersion = 8.0;
						ProvisioningStyle = Automatic;
					};
				};
			};
			buildConfigurationList = 6BB09D791EC8CD20008DC12B /* Build configuration list for PBXProject "LibApp" */;
			compatibilityVersion = "Xcode 3.2";
			developmentRegion = English;
			hasScannedForEncodings = 0;
			knownRegions = (
				en,
				Base,
			);
			mainGroup = 6BB09D751EC8CD1F008DC12B;
			productRefGroup = 6BB09D7F1EC8CD20008DC12B /* Products */;
			projectDirPath = "";
			projectRoot = "";
			targets = (
				6BB09D7D1EC8CD20008DC12B /* LibApp */,
			);
		};
/* End PBXProject section */

/* Begin PBXResourcesBuildPhase section */
		6BB09D7C1EC8CD20008DC12B /* Resources */ = {
			isa = PBXResourcesBuildPhase;
			buildActionMask = 2147483647;
			files = (
				6BB09D8C1EC8CD21008DC12B /* LaunchScreen.storyboard in Resources */,
				6BB09D891EC8CD21008DC12B /* Assets.xcassets in Resources */,
				6BB09D871EC8CD21008DC12B /* Main.storyboard in Resources */,
			);
			runOnlyForDeploymentPostprocessing = 0;
		};
/* End PBXResourcesBuildPhase section */

/* Begin PBXSourcesBuildPhase section */
		6BB09D7A1EC8CD20008DC12B /* Sources */ = {
			isa = PBXSourcesBuildPhase;
			buildActionMask = 2147483647;
			files = (
				6BB09D841EC8CD21008DC12B /* ViewController.swift in Sources */,
				6BB09D821EC8CD21008DC12B /* AppDelegate.swift in Sources */,
			);
			runOnlyForDeploymentPostprocessing = 0;
		};
/* End PBXSourcesBuildPhase section */

/* Begin PBXVariantGroup section */
		6BB09D851EC8CD21008DC12B /* Main.storyboard */ = {
			isa = PBXVariantGroup;
			children = (
				6BB09D861EC8CD21008DC12B /* Base */,
			);
			name = Main.storyboard;
			sourceTree = "<group>";
		};
		6BB09D8A1EC8CD21008DC12B /* LaunchScreen.storyboard */ = {
			isa = PBXVariantGroup;
			children = (
				6BB09D8B1EC8CD21008DC12B /* Base */,
			);
			name = LaunchScreen.storyboard;
			sourceTree = "<group>";
		};
/* End PBXVariantGroup section */

/* Begin XCBuildConfiguration section */
		6BB09D8E1EC8CD21008DC12B /* Debug */ = {
			isa = XCBuildConfiguration;
			buildSettings = {
				ALWAYS_SEARCH_USER_PATHS = NO;
				CLANG_ANALYZER_NONNULL = YES;
				CLANG_CXX_LANGUAGE_STANDARD = "gnu++0x";
				CLANG_CXX_LIBRARY = "libc++";
				CLANG_ENABLE_MODULES = YES;
				CLANG_ENABLE_OBJC_ARC = YES;
				CLANG_WARN_BOOL_CONVERSION = YES;
				CLANG_WARN_CONSTANT_CONVERSION = YES;
				CLANG_WARN_DIRECT_OBJC_ISA_USAGE = YES_ERROR;
				CLANG_WARN_DOCUMENTATION_COMMENTS = YES;
				CLANG_WARN_EMPTY_BODY = YES;
				CLANG_WARN_ENUM_CONVERSION = YES;
				CLANG_WARN_INFINITE_RECURSION = YES;
				CLANG_WARN_INT_CONVERSION = YES;
				CLANG_WARN_OBJC_ROOT_CLASS = YES_ERROR;
				CLANG_WARN_SUSPICIOUS_MOVES = YES;
				CLANG_WARN_UNREACHABLE_CODE = YES;
				CLANG_WARN__DUPLICATE_METHOD_MATCH = YES;
				"CODE_SIGN_IDENTITY[sdk=iphoneos*]" = "iPhone Developer";
				COPY_PHASE_STRIP = NO;
				DEBUG_INFORMATION_FORMAT = dwarf;
				ENABLE_STRICT_OBJC_MSGSEND = YES;
				ENABLE_TESTABILITY = YES;
				GCC_C_LANGUAGE_STANDARD = gnu99;
				GCC_DYNAMIC_NO_PIC = NO;
				GCC_NO_COMMON_BLOCKS = YES;
				GCC_OPTIMIZATION_LEVEL = 0;
				GCC_PREPROCESSOR_DEFINITIONS = (
					"DEBUG=1",
					"$(inherited)",
				);
				GCC_WARN_64_TO_32_BIT_CONVERSION = YES;
				GCC_WARN_ABOUT_RETURN_TYPE = YES_ERROR;
				GCC_WARN_UNDECLARED_SELECTOR = YES;
				GCC_WARN_UNINITIALIZED_AUTOS = YES_AGGRESSIVE;
				GCC_WARN_UNUSED_FUNCTION = YES;
				GCC_WARN_UNUSED_VARIABLE = YES;
				IPHONEOS_DEPLOYMENT_TARGET = 10.0;
				MTL_ENABLE_DEBUG_INFO = YES;
				ONLY_ACTIVE_ARCH = YES;
				SDKROOT = iphoneos;
				SWIFT_ACTIVE_COMPILATION_CONDITIONS = DEBUG;
				SWIFT_OPTIMIZATION_LEVEL = "-Onone";
				TARGETED_DEVICE_FAMILY = "1,2";
			};
			name = Debug;
		};
		6BB09D8F1EC8CD21008DC12B /* Release */ = {
			isa = XCBuildConfiguration;
			buildSettings = {
				ALWAYS_SEARCH_USER_PATHS = NO;
				CLANG_ANALYZER_NONNULL = YES;
				CLANG_CXX_LANGUAGE_STANDARD = "gnu++0x";
				CLANG_CXX_LIBRARY = "libc++";
				CLANG_ENABLE_MODULES = YES;
				CLANG_ENABLE_OBJC_ARC = YES;
				CLANG_WARN_BOOL_CONVERSION = YES;
				CLANG_WARN_CONSTANT_CONVERSION = YES;
				CLANG_WARN_DIRECT_OBJC_ISA_USAGE = YES_ERROR;
				CLANG_WARN_DOCUMENTATION_COMMENTS = YES;
				CLANG_WARN_EMPTY_BODY = YES;
				CLANG_WARN_ENUM_CONVERSION = YES;
				CLANG_WARN_INFINITE_RECURSION = YES;
				CLANG_WARN_INT_CONVERSION = YES;
				CLANG_WARN_OBJC_ROOT_CLASS = YES_ERROR;
				CLANG_WARN_SUSPICIOUS_MOVES = YES;
				CLANG_WARN_UNREACHABLE_CODE = YES;
				CLANG_WARN__DUPLICATE_METHOD_MATCH = YES;
				"CODE_SIGN_IDENTITY[sdk=iphoneos*]" = "iPhone Developer";
				COPY_PHASE_STRIP = NO;
				DEBUG_INFORMATION_FORMAT = "dwarf-with-dsym";
				ENABLE_NS_ASSERTIONS = NO;
				ENABLE_STRICT_OBJC_MSGSEND = YES;
				GCC_C_LANGUAGE_STANDARD = gnu99;
				GCC_NO_COMMON_BLOCKS = YES;
				GCC_WARN_64_TO_32_BIT_CONVERSION = YES;
				GCC_WARN_ABOUT_RETURN_TYPE = YES_ERROR;
				GCC_WARN_UNDECLARED_SELECTOR = YES;
				GCC_WARN_UNINITIALIZED_AUTOS = YES_AGGRESSIVE;
				GCC_WARN_UNUSED_FUNCTION = YES;
				GCC_WARN_UNUSED_VARIABLE = YES;
				IPHONEOS_DEPLOYMENT_TARGET = 10.0;
				MTL_ENABLE_DEBUG_INFO = NO;
				SDKROOT = iphoneos;
				SWIFT_OPTIMIZATION_LEVEL = "-Owholemodule";
				TARGETED_DEVICE_FAMILY = "1,2";
				VALIDATE_PRODUCT = YES;
			};
			name = Release;
		};
		6BB09D911EC8CD21008DC12B /* Debug */ = {
			isa = XCBuildConfiguration;
			buildSettings = {
				ASSETCATALOG_COMPILER_APPICON_NAME = AppIcon;
				INFOPLIST_FILE = LibApp/Info.plist;
				LD_RUNPATH_SEARCH_PATHS = "$(inherited) @executable_path/Frameworks";
				PRODUCT_BUNDLE_IDENTIFIER = com.krishna.LibApp;
				PRODUCT_NAME = "$(TARGET_NAME)";
				SWIFT_VERSION = 3.0;
			};
			name = Debug;
		};
		6BB09D921EC8CD21008DC12B /* Release */ = {
			isa = XCBuildConfiguration;
			buildSettings = {
				ASSETCATALOG_COMPILER_APPICON_NAME = AppIcon;
				INFOPLIST_FILE = LibApp/Info.plist;
				LD_RUNPATH_SEARCH_PATHS = "$(inherited) @executable_path/Frameworks";
				PRODUCT_BUNDLE_IDENTIFIER = com.krishna.LibApp;
				PRODUCT_NAME = "$(TARGET_NAME)";
				SWIFT_VERSION = 3.0;
			};
			name = Release;
		};
/* End XCBuildConfiguration section */

/* Begin XCConfigurationList section */
		6BB09D791EC8CD20008DC12B /* Build configuration list for PBXProject "LibApp" */ = {
			isa = XCConfigurationList;
			buildConfigurations = (
				6BB09D8E1EC8CD21008DC12B /* Debug */,
				6BB09D8F1EC8CD21008DC12B /* Release */,
			);
			defaultConfigurationIsVisible = 0;
			defaultConfigurationName = Release;
		};
		6BB09D901EC8CD21008DC12B /* Build configuration list for PBXNativeTarget "LibApp" */ = {
			isa = XCConfigurationList;
			buildConfigurations = (
				6BB09D911EC8CD21008DC12B /* Debug */,
				6BB09D921EC8CD21008DC12B /* Release */,
			);
			defaultConfigurationIsVisible = 0;
		};
/* End XCConfigurationList section */
	};
	rootObject = 6BB09D761EC8CD1F008DC12B /* Project object */;
}
